// !$*UTF8*$!
{
	archiveVersion = 1;
	classes = {
	};
	objectVersion = 50;
	objects = {

/* Begin PBXBuildFile section */
		1E470D6B237980F7009BC075 /* AppDelegate.swift in Sources */ = {isa = PBXBuildFile; fileRef = 1E470D6A237980F7009BC075 /* AppDelegate.swift */; };
		1E470D6D237980F7009BC075 /* SceneDelegate.swift in Sources */ = {isa = PBXBuildFile; fileRef = 1E470D6C237980F7009BC075 /* SceneDelegate.swift */; };
		1E470D74237980F8009BC075 /* Assets.xcassets in Resources */ = {isa = PBXBuildFile; fileRef = 1E470D73237980F8009BC075 /* Assets.xcassets */; };
		1E470D77237980F8009BC075 /* LaunchScreen.storyboard in Resources */ = {isa = PBXBuildFile; fileRef = 1E470D75237980F8009BC075 /* LaunchScreen.storyboard */; };
		1E470D8023798750009BC075 /* LoginViewController.swift in Sources */ = {isa = PBXBuildFile; fileRef = 1E470D7E23798750009BC075 /* LoginViewController.swift */; };
		1E470D8123798750009BC075 /* LoginViewController.xib in Resources */ = {isa = PBXBuildFile; fileRef = 1E470D7F23798750009BC075 /* LoginViewController.xib */; };
		1E470D8523798F05009BC075 /* UIView+Constraints.swift in Sources */ = {isa = PBXBuildFile; fileRef = 1E470D8423798F05009BC075 /* UIView+Constraints.swift */; };
		1E470D89237996F2009BC075 /* SDWebImage.framework in Frameworks */ = {isa = PBXBuildFile; fileRef = 1E470D87237996F2009BC075 /* SDWebImage.framework */; };
		1E470D8A237996F2009BC075 /* SDWebImage.framework in Embed Frameworks */ = {isa = PBXBuildFile; fileRef = 1E470D87237996F2009BC075 /* SDWebImage.framework */; settings = {ATTRIBUTES = (CodeSignOnCopy, RemoveHeadersOnCopy, ); }; };
		1E470D8B237996F2009BC075 /* SDWebImageMapKit.framework in Frameworks */ = {isa = PBXBuildFile; fileRef = 1E470D88237996F2009BC075 /* SDWebImageMapKit.framework */; };
		1E470D8C237996F2009BC075 /* SDWebImageMapKit.framework in Embed Frameworks */ = {isa = PBXBuildFile; fileRef = 1E470D88237996F2009BC075 /* SDWebImageMapKit.framework */; settings = {ATTRIBUTES = (CodeSignOnCopy, RemoveHeadersOnCopy, ); }; };
		1E470D932379A2F7009BC075 /* LoginViewModel.swift in Sources */ = {isa = PBXBuildFile; fileRef = 1E470D922379A2F7009BC075 /* LoginViewModel.swift */; };
		1E470D9B237A4BEB009BC075 /* FeedsViewController.swift in Sources */ = {isa = PBXBuildFile; fileRef = 1E470D99237A4BEB009BC075 /* FeedsViewController.swift */; };
		1E470D9C237A4BEB009BC075 /* FeedsViewController.xib in Resources */ = {isa = PBXBuildFile; fileRef = 1E470D9A237A4BEB009BC075 /* FeedsViewController.xib */; };
		1E65F778237AEB6F001FD136 /* Device.swift in Sources */ = {isa = PBXBuildFile; fileRef = 1E65F777237AEB6F001FD136 /* Device.swift */; };
		1E65F77C237AEDB8001FD136 /* FeedsCollectionViewCell.swift in Sources */ = {isa = PBXBuildFile; fileRef = 1E65F77A237AEDB8001FD136 /* FeedsCollectionViewCell.swift */; };
		1E65F77D237AEDB9001FD136 /* FeedsCollectionViewCell.xib in Resources */ = {isa = PBXBuildFile; fileRef = 1E65F77B237AEDB8001FD136 /* FeedsCollectionViewCell.xib */; };
		1E65F77F237B0434001FD136 /* FeedsViewModel.swift in Sources */ = {isa = PBXBuildFile; fileRef = 1E65F77E237B0434001FD136 /* FeedsViewModel.swift */; };
		1E65F782237B047E001FD136 /* FeedsModel.swift in Sources */ = {isa = PBXBuildFile; fileRef = 1E65F781237B047E001FD136 /* FeedsModel.swift */; };
		1ED81861237C41AD00F3BEDD /* FilterViewController.swift in Sources */ = {isa = PBXBuildFile; fileRef = 1ED8185F237C41AD00F3BEDD /* FilterViewController.swift */; };
		1ED81862237C41AD00F3BEDD /* FilterViewController.xib in Resources */ = {isa = PBXBuildFile; fileRef = 1ED81860237C41AD00F3BEDD /* FilterViewController.xib */; };
		1ED81865237C4F4D00F3BEDD /* SideMenu.framework in Frameworks */ = {isa = PBXBuildFile; fileRef = 1ED81864237C4F4D00F3BEDD /* SideMenu.framework */; };
		1ED81866237C4F4D00F3BEDD /* SideMenu.framework in Embed Frameworks */ = {isa = PBXBuildFile; fileRef = 1ED81864237C4F4D00F3BEDD /* SideMenu.framework */; settings = {ATTRIBUTES = (CodeSignOnCopy, RemoveHeadersOnCopy, ); }; };
		1ED81869237C507A00F3BEDD /* MenuViewController.swift in Sources */ = {isa = PBXBuildFile; fileRef = 1ED81867237C507A00F3BEDD /* MenuViewController.swift */; };
		1ED8186A237C507A00F3BEDD /* MenuViewController.xib in Resources */ = {isa = PBXBuildFile; fileRef = 1ED81868237C507A00F3BEDD /* MenuViewController.xib */; };
		1ED8186E237C54CC00F3BEDD /* MenuTableViewCell.swift in Sources */ = {isa = PBXBuildFile; fileRef = 1ED8186C237C54CC00F3BEDD /* MenuTableViewCell.swift */; };
		1ED8186F237C54CC00F3BEDD /* MenuTableViewCell.xib in Resources */ = {isa = PBXBuildFile; fileRef = 1ED8186D237C54CC00F3BEDD /* MenuTableViewCell.xib */; };
		1ED81872237C59A800F3BEDD /* HeaderTableViewCell.swift in Sources */ = {isa = PBXBuildFile; fileRef = 1ED81870237C59A800F3BEDD /* HeaderTableViewCell.swift */; };
		1ED81873237C59A800F3BEDD /* HeaderTableViewCell.xib in Resources */ = {isa = PBXBuildFile; fileRef = 1ED81871237C59A800F3BEDD /* HeaderTableViewCell.xib */; };
/* End PBXBuildFile section */

/* Begin PBXCopyFilesBuildPhase section */
		1E470D8D237996F2009BC075 /* Embed Frameworks */ = {
			isa = PBXCopyFilesBuildPhase;
			buildActionMask = 2147483647;
			dstPath = "";
			dstSubfolderSpec = 10;
			files = (
				1ED81866237C4F4D00F3BEDD /* SideMenu.framework in Embed Frameworks */,
				1E470D8C237996F2009BC075 /* SDWebImageMapKit.framework in Embed Frameworks */,
				1E470D8A237996F2009BC075 /* SDWebImage.framework in Embed Frameworks */,
			);
			name = "Embed Frameworks";
			runOnlyForDeploymentPostprocessing = 0;
		};
/* End PBXCopyFilesBuildPhase section */

/* Begin PBXFileReference section */
		1E470D67237980F7009BC075 /* Awards.app */ = {isa = PBXFileReference; explicitFileType = wrapper.application; includeInIndex = 0; path = Awards.app; sourceTree = BUILT_PRODUCTS_DIR; };
		1E470D6A237980F7009BC075 /* AppDelegate.swift */ = {isa = PBXFileReference; lastKnownFileType = sourcecode.swift; path = AppDelegate.swift; sourceTree = "<group>"; };
		1E470D6C237980F7009BC075 /* SceneDelegate.swift */ = {isa = PBXFileReference; lastKnownFileType = sourcecode.swift; path = SceneDelegate.swift; sourceTree = "<group>"; };
		1E470D73237980F8009BC075 /* Assets.xcassets */ = {isa = PBXFileReference; lastKnownFileType = folder.assetcatalog; path = Assets.xcassets; sourceTree = "<group>"; };
		1E470D76237980F8009BC075 /* Base */ = {isa = PBXFileReference; lastKnownFileType = file.storyboard; name = Base; path = Base.lproj/LaunchScreen.storyboard; sourceTree = "<group>"; };
		1E470D78237980F8009BC075 /* Info.plist */ = {isa = PBXFileReference; lastKnownFileType = text.plist.xml; path = Info.plist; sourceTree = "<group>"; };
		1E470D7E23798750009BC075 /* LoginViewController.swift */ = {isa = PBXFileReference; lastKnownFileType = sourcecode.swift; path = LoginViewController.swift; sourceTree = "<group>"; };
		1E470D7F23798750009BC075 /* LoginViewController.xib */ = {isa = PBXFileReference; lastKnownFileType = file.xib; path = LoginViewController.xib; sourceTree = "<group>"; };
		1E470D8423798F05009BC075 /* UIView+Constraints.swift */ = {isa = PBXFileReference; lastKnownFileType = sourcecode.swift; path = "UIView+Constraints.swift"; sourceTree = "<group>"; };
		1E470D87237996F2009BC075 /* SDWebImage.framework */ = {isa = PBXFileReference; lastKnownFileType = wrapper.framework; name = SDWebImage.framework; path = Carthage/Build/iOS/SDWebImage.framework; sourceTree = "<group>"; };
		1E470D88237996F2009BC075 /* SDWebImageMapKit.framework */ = {isa = PBXFileReference; lastKnownFileType = wrapper.framework; name = SDWebImageMapKit.framework; path = Carthage/Build/iOS/SDWebImageMapKit.framework; sourceTree = "<group>"; };
		1E470D922379A2F7009BC075 /* LoginViewModel.swift */ = {isa = PBXFileReference; lastKnownFileType = sourcecode.swift; path = LoginViewModel.swift; sourceTree = "<group>"; };
		1E470D99237A4BEB009BC075 /* FeedsViewController.swift */ = {isa = PBXFileReference; lastKnownFileType = sourcecode.swift; path = FeedsViewController.swift; sourceTree = "<group>"; };
		1E470D9A237A4BEB009BC075 /* FeedsViewController.xib */ = {isa = PBXFileReference; lastKnownFileType = file.xib; path = FeedsViewController.xib; sourceTree = "<group>"; };
		1E65F777237AEB6F001FD136 /* Device.swift */ = {isa = PBXFileReference; lastKnownFileType = sourcecode.swift; path = Device.swift; sourceTree = "<group>"; };
		1E65F77A237AEDB8001FD136 /* FeedsCollectionViewCell.swift */ = {isa = PBXFileReference; lastKnownFileType = sourcecode.swift; path = FeedsCollectionViewCell.swift; sourceTree = "<group>"; };
		1E65F77B237AEDB8001FD136 /* FeedsCollectionViewCell.xib */ = {isa = PBXFileReference; lastKnownFileType = file.xib; path = FeedsCollectionViewCell.xib; sourceTree = "<group>"; };
		1E65F77E237B0434001FD136 /* FeedsViewModel.swift */ = {isa = PBXFileReference; lastKnownFileType = sourcecode.swift; path = FeedsViewModel.swift; sourceTree = "<group>"; };
		1E65F781237B047E001FD136 /* FeedsModel.swift */ = {isa = PBXFileReference; lastKnownFileType = sourcecode.swift; path = FeedsModel.swift; sourceTree = "<group>"; };
		1ED8185F237C41AD00F3BEDD /* FilterViewController.swift */ = {isa = PBXFileReference; lastKnownFileType = sourcecode.swift; path = FilterViewController.swift; sourceTree = "<group>"; };
		1ED81860237C41AD00F3BEDD /* FilterViewController.xib */ = {isa = PBXFileReference; lastKnownFileType = file.xib; path = FilterViewController.xib; sourceTree = "<group>"; };
		1ED81864237C4F4D00F3BEDD /* SideMenu.framework */ = {isa = PBXFileReference; lastKnownFileType = wrapper.framework; name = SideMenu.framework; path = Carthage/Build/iOS/SideMenu.framework; sourceTree = "<group>"; };
		1ED81867237C507A00F3BEDD /* MenuViewController.swift */ = {isa = PBXFileReference; lastKnownFileType = sourcecode.swift; path = MenuViewController.swift; sourceTree = "<group>"; };
		1ED81868237C507A00F3BEDD /* MenuViewController.xib */ = {isa = PBXFileReference; lastKnownFileType = file.xib; path = MenuViewController.xib; sourceTree = "<group>"; };
		1ED8186C237C54CC00F3BEDD /* MenuTableViewCell.swift */ = {isa = PBXFileReference; lastKnownFileType = sourcecode.swift; path = MenuTableViewCell.swift; sourceTree = "<group>"; };
		1ED8186D237C54CC00F3BEDD /* MenuTableViewCell.xib */ = {isa = PBXFileReference; lastKnownFileType = file.xib; path = MenuTableViewCell.xib; sourceTree = "<group>"; };
		1ED81870237C59A800F3BEDD /* HeaderTableViewCell.swift */ = {isa = PBXFileReference; lastKnownFileType = sourcecode.swift; path = HeaderTableViewCell.swift; sourceTree = "<group>"; };
		1ED81871237C59A800F3BEDD /* HeaderTableViewCell.xib */ = {isa = PBXFileReference; lastKnownFileType = file.xib; path = HeaderTableViewCell.xib; sourceTree = "<group>"; };
/* End PBXFileReference section */

/* Begin PBXFrameworksBuildPhase section */
		1E470D64237980F7009BC075 /* Frameworks */ = {
			isa = PBXFrameworksBuildPhase;
			buildActionMask = 2147483647;
			files = (
				1ED81865237C4F4D00F3BEDD /* SideMenu.framework in Frameworks */,
				1E470D8B237996F2009BC075 /* SDWebImageMapKit.framework in Frameworks */,
				1E470D89237996F2009BC075 /* SDWebImage.framework in Frameworks */,
			);
			runOnlyForDeploymentPostprocessing = 0;
		};
/* End PBXFrameworksBuildPhase section */

/* Begin PBXGroup section */
		1E470D5E237980F7009BC075 = {
			isa = PBXGroup;
			children = (
				1E470D69237980F7009BC075 /* Awards */,
				1E470D68237980F7009BC075 /* Products */,
				1E470D86237996F2009BC075 /* Frameworks */,
			);
			sourceTree = "<group>";
		};
		1E470D68237980F7009BC075 /* Products */ = {
			isa = PBXGroup;
			children = (
				1E470D67237980F7009BC075 /* Awards.app */,
			);
			name = Products;
			sourceTree = "<group>";
		};
		1E470D69237980F7009BC075 /* Awards */ = {
			isa = PBXGroup;
			children = (
				1E65F776237AEB52001FD136 /* Commons */,
				1E470D8323798EE0009BC075 /* Controllers */,
				1E470D8223798ED8009BC075 /* Extensions */,
				1E470D6A237980F7009BC075 /* AppDelegate.swift */,
				1E470D6C237980F7009BC075 /* SceneDelegate.swift */,
				1E470D73237980F8009BC075 /* Assets.xcassets */,
				1E470D75237980F8009BC075 /* LaunchScreen.storyboard */,
				1E470D78237980F8009BC075 /* Info.plist */,
			);
			path = Awards;
			sourceTree = "<group>";
		};
		1E470D8223798ED8009BC075 /* Extensions */ = {
			isa = PBXGroup;
			children = (
				1E470D8423798F05009BC075 /* UIView+Constraints.swift */,
			);
			path = Extensions;
			sourceTree = "<group>";
		};
		1E470D8323798EE0009BC075 /* Controllers */ = {
			isa = PBXGroup;
			children = (
				1ED81863237C41B400F3BEDD /* Filter */,
				1ED8185C237C3D3800F3BEDD /* SideMenu */,
				1E470D942379A719009BC075 /* Feeds */,
				1E470D8F2379A2D2009BC075 /* Login */,
			);
			path = Controllers;
			sourceTree = "<group>";
		};
		1E470D86237996F2009BC075 /* Frameworks */ = {
			isa = PBXGroup;
			children = (
				1ED81864237C4F4D00F3BEDD /* SideMenu.framework */,
				1E470D87237996F2009BC075 /* SDWebImage.framework */,
				1E470D88237996F2009BC075 /* SDWebImageMapKit.framework */,
			);
			name = Frameworks;
			sourceTree = "<group>";
		};
		1E470D8F2379A2D2009BC075 /* Login */ = {
			isa = PBXGroup;
			children = (
				1E470D912379A2E5009BC075 /* ViewModels */,
				1E470D902379A2DC009BC075 /* Views */,
			);
			path = Login;
			sourceTree = "<group>";
		};
		1E470D902379A2DC009BC075 /* Views */ = {
			isa = PBXGroup;
			children = (
				1E470D7E23798750009BC075 /* LoginViewController.swift */,
				1E470D7F23798750009BC075 /* LoginViewController.xib */,
			);
			path = Views;
			sourceTree = "<group>";
		};
		1E470D912379A2E5009BC075 /* ViewModels */ = {
			isa = PBXGroup;
			children = (
				1E470D922379A2F7009BC075 /* LoginViewModel.swift */,
			);
			path = ViewModels;
			sourceTree = "<group>";
		};
		1E470D942379A719009BC075 /* Feeds */ = {
			isa = PBXGroup;
			children = (
				1E65F783237B054A001FD136 /* ViewModels */,
				1E65F780237B0469001FD136 /* FeedsModel */,
				1E65F779237AED4E001FD136 /* FeedsCell */,
				1E470D99237A4BEB009BC075 /* FeedsViewController.swift */,
				1E470D9A237A4BEB009BC075 /* FeedsViewController.xib */,
			);
			path = Feeds;
			sourceTree = "<group>";
		};
		1E65F776237AEB52001FD136 /* Commons */ = {
			isa = PBXGroup;
			children = (
				1E65F777237AEB6F001FD136 /* Device.swift */,
			);
			path = Commons;
			sourceTree = "<group>";
		};
		1E65F779237AED4E001FD136 /* FeedsCell */ = {
			isa = PBXGroup;
			children = (
				1E65F77A237AEDB8001FD136 /* FeedsCollectionViewCell.swift */,
				1E65F77B237AEDB8001FD136 /* FeedsCollectionViewCell.xib */,
			);
			path = FeedsCell;
			sourceTree = "<group>";
		};
		1E65F780237B0469001FD136 /* FeedsModel */ = {
			isa = PBXGroup;
			children = (
				1E65F781237B047E001FD136 /* FeedsModel.swift */,
			);
			path = FeedsModel;
			sourceTree = "<group>";
		};
		1E65F783237B054A001FD136 /* ViewModels */ = {
			isa = PBXGroup;
			children = (
				1E65F77E237B0434001FD136 /* FeedsViewModel.swift */,
			);
			path = ViewModels;
			sourceTree = "<group>";
		};
		1ED8185C237C3D3800F3BEDD /* SideMenu */ = {
			isa = PBXGroup;
			children = (
				1ED8186B237C54AB00F3BEDD /* SideMenuCell */,
				1ED81867237C507A00F3BEDD /* MenuViewController.swift */,
				1ED81868237C507A00F3BEDD /* MenuViewController.xib */,
			);
			path = SideMenu;
			sourceTree = "<group>";
		};
		1ED81863237C41B400F3BEDD /* Filter */ = {
			isa = PBXGroup;
			children = (
				1ED8185F237C41AD00F3BEDD /* FilterViewController.swift */,
				1ED81860237C41AD00F3BEDD /* FilterViewController.xib */,
			);
			path = Filter;
			sourceTree = "<group>";
		};
		1ED8186B237C54AB00F3BEDD /* SideMenuCell */ = {
			isa = PBXGroup;
			children = (
				1ED8186C237C54CC00F3BEDD /* MenuTableViewCell.swift */,
				1ED8186D237C54CC00F3BEDD /* MenuTableViewCell.xib */,
				1ED81870237C59A800F3BEDD /* HeaderTableViewCell.swift */,
				1ED81871237C59A800F3BEDD /* HeaderTableViewCell.xib */,
			);
			path = SideMenuCell;
			sourceTree = "<group>";
		};
/* End PBXGroup section */

/* Begin PBXNativeTarget section */
		1E470D66237980F7009BC075 /* Awards */ = {
			isa = PBXNativeTarget;
			buildConfigurationList = 1E470D7B237980F8009BC075 /* Build configuration list for PBXNativeTarget "Awards" */;
			buildPhases = (
				1E470D63237980F7009BC075 /* Sources */,
				1E470D64237980F7009BC075 /* Frameworks */,
				1E470D65237980F7009BC075 /* Resources */,
				1E470D8D237996F2009BC075 /* Embed Frameworks */,
				1E470D8E23799707009BC075 /* ShellScript */,
			);
			buildRules = (
			);
			dependencies = (
			);
			name = Awards;
			productName = Awards;
			productReference = 1E470D67237980F7009BC075 /* Awards.app */;
			productType = "com.apple.product-type.application";
		};
/* End PBXNativeTarget section */

/* Begin PBXProject section */
		1E470D5F237980F7009BC075 /* Project object */ = {
			isa = PBXProject;
			attributes = {
				LastSwiftUpdateCheck = 1120;
				LastUpgradeCheck = 1120;
				ORGANIZATIONNAME = "Engkit Satia Riswara";
				TargetAttributes = {
					1E470D66237980F7009BC075 = {
						CreatedOnToolsVersion = 11.2;
					};
				};
			};
			buildConfigurationList = 1E470D62237980F7009BC075 /* Build configuration list for PBXProject "Awards" */;
			compatibilityVersion = "Xcode 9.3";
			developmentRegion = en;
			hasScannedForEncodings = 0;
			knownRegions = (
				en,
				Base,
			);
			mainGroup = 1E470D5E237980F7009BC075;
			productRefGroup = 1E470D68237980F7009BC075 /* Products */;
			projectDirPath = "";
			projectRoot = "";
			targets = (
				1E470D66237980F7009BC075 /* Awards */,
			);
		};
/* End PBXProject section */

/* Begin PBXResourcesBuildPhase section */
		1E470D65237980F7009BC075 /* Resources */ = {
			isa = PBXResourcesBuildPhase;
			buildActionMask = 2147483647;
			files = (
				1E470D77237980F8009BC075 /* LaunchScreen.storyboard in Resources */,
				1ED81873237C59A800F3BEDD /* HeaderTableViewCell.xib in Resources */,
				1E470D74237980F8009BC075 /* Assets.xcassets in Resources */,
				1E65F77D237AEDB9001FD136 /* FeedsCollectionViewCell.xib in Resources */,
				1E470D9C237A4BEB009BC075 /* FeedsViewController.xib in Resources */,
				1ED81862237C41AD00F3BEDD /* FilterViewController.xib in Resources */,
				1ED8186A237C507A00F3BEDD /* MenuViewController.xib in Resources */,
				1ED8186F237C54CC00F3BEDD /* MenuTableViewCell.xib in Resources */,
				1E470D8123798750009BC075 /* LoginViewController.xib in Resources */,
			);
			runOnlyForDeploymentPostprocessing = 0;
		};
/* End PBXResourcesBuildPhase section */

/* Begin PBXShellScriptBuildPhase section */
		1E470D8E23799707009BC075 /* ShellScript */ = {
			isa = PBXShellScriptBuildPhase;
			buildActionMask = 2147483647;
			files = (
			);
			inputFileListPaths = (
			);
			inputPaths = (
				"$(SRCROOT)/Carthage/Build/iOS/SDWebImage.framework",
				"$(SRCROOT)/Carthage/Build/iOS/SDWebImageMapKit.framework",
				"$(SRCROOT)/Carthage/Build/iOS/SideMenu.framework",
			);
			outputFileListPaths = (
			);
			outputPaths = (
			);
			runOnlyForDeploymentPostprocessing = 0;
			shellPath = /bin/sh;
			shellScript = "# Type a script or drag a script file from your workspace to insert its path.\n/usr/local/bin/carthage copy-frameworks\n";
		};
/* End PBXShellScriptBuildPhase section */

/* Begin PBXSourcesBuildPhase section */
		1E470D63237980F7009BC075 /* Sources */ = {
			isa = PBXSourcesBuildPhase;
			buildActionMask = 2147483647;
			files = (
				1E470D9B237A4BEB009BC075 /* FeedsViewController.swift in Sources */,
				1E470D8023798750009BC075 /* LoginViewController.swift in Sources */,
				1E470D6B237980F7009BC075 /* AppDelegate.swift in Sources */,
				1E470D6D237980F7009BC075 /* SceneDelegate.swift in Sources */,
				1E470D932379A2F7009BC075 /* LoginViewModel.swift in Sources */,
				1ED81861237C41AD00F3BEDD /* FilterViewController.swift in Sources */,
				1ED81869237C507A00F3BEDD /* MenuViewController.swift in Sources */,
				1E65F778237AEB6F001FD136 /* Device.swift in Sources */,
				1E65F77C237AEDB8001FD136 /* FeedsCollectionViewCell.swift in Sources */,
				1ED8186E237C54CC00F3BEDD /* MenuTableViewCell.swift in Sources */,
				1ED81872237C59A800F3BEDD /* HeaderTableViewCell.swift in Sources */,
				1E65F782237B047E001FD136 /* FeedsModel.swift in Sources */,
				1E65F77F237B0434001FD136 /* FeedsViewModel.swift in Sources */,
				1E470D8523798F05009BC075 /* UIView+Constraints.swift in Sources */,
			);
			runOnlyForDeploymentPostprocessing = 0;
		};
/* End PBXSourcesBuildPhase section */

/* Begin PBXVariantGroup section */
		1E470D75237980F8009BC075 /* LaunchScreen.storyboard */ = {
			isa = PBXVariantGroup;
			children = (
				1E470D76237980F8009BC075 /* Base */,
			);
			name = LaunchScreen.storyboard;
			sourceTree = "<group>";
		};
/* End PBXVariantGroup section */

/* Begin XCBuildConfiguration section */
		1E470D79237980F8009BC075 /* Debug */ = {
			isa = XCBuildConfiguration;
			buildSettings = {
				ALWAYS_SEARCH_USER_PATHS = NO;
				CLANG_ANALYZER_NONNULL = YES;
				CLANG_ANALYZER_NUMBER_OBJECT_CONVERSION = YES_AGGRESSIVE;
				CLANG_CXX_LANGUAGE_STANDARD = "gnu++14";
				CLANG_CXX_LIBRARY = "libc++";
				CLANG_ENABLE_MODULES = YES;
				CLANG_ENABLE_OBJC_ARC = YES;
				CLANG_ENABLE_OBJC_WEAK = YES;
				CLANG_WARN_BLOCK_CAPTURE_AUTORELEASING = YES;
				CLANG_WARN_BOOL_CONVERSION = YES;
				CLANG_WARN_COMMA = YES;
				CLANG_WARN_CONSTANT_CONVERSION = YES;
				CLANG_WARN_DEPRECATED_OBJC_IMPLEMENTATIONS = YES;
				CLANG_WARN_DIRECT_OBJC_ISA_USAGE = YES_ERROR;
				CLANG_WARN_DOCUMENTATION_COMMENTS = YES;
				CLANG_WARN_EMPTY_BODY = YES;
				CLANG_WARN_ENUM_CONVERSION = YES;
				CLANG_WARN_INFINITE_RECURSION = YES;
				CLANG_WARN_INT_CONVERSION = YES;
				CLANG_WARN_NON_LITERAL_NULL_CONVERSION = YES;
				CLANG_WARN_OBJC_IMPLICIT_RETAIN_SELF = YES;
				CLANG_WARN_OBJC_LITERAL_CONVERSION = YES;
				CLANG_WARN_OBJC_ROOT_CLASS = YES_ERROR;
				CLANG_WARN_RANGE_LOOP_ANALYSIS = YES;
				CLANG_WARN_STRICT_PROTOTYPES = YES;
				CLANG_WARN_SUSPICIOUS_MOVE = YES;
				CLANG_WARN_UNGUARDED_AVAILABILITY = YES_AGGRESSIVE;
				CLANG_WARN_UNREACHABLE_CODE = YES;
				CLANG_WARN__DUPLICATE_METHOD_MATCH = YES;
				COPY_PHASE_STRIP = NO;
				DEBUG_INFORMATION_FORMAT = dwarf;
				ENABLE_STRICT_OBJC_MSGSEND = YES;
				ENABLE_TESTABILITY = YES;
				GCC_C_LANGUAGE_STANDARD = gnu11;
				GCC_DYNAMIC_NO_PIC = NO;
				GCC_NO_COMMON_BLOCKS = YES;
				GCC_OPTIMIZATION_LEVEL = 0;
				GCC_PREPROCESSOR_DEFINITIONS = (
					"DEBUG=1",
					"$(inherited)",
				);
				GCC_WARN_64_TO_32_BIT_CONVERSION = YES;
				GCC_WARN_ABOUT_RETURN_TYPE = YES_ERROR;
				GCC_WARN_UNDECLARED_SELECTOR = YES;
				GCC_WARN_UNINITIALIZED_AUTOS = YES_AGGRESSIVE;
				GCC_WARN_UNUSED_FUNCTION = YES;
				GCC_WARN_UNUSED_VARIABLE = YES;
				IPHONEOS_DEPLOYMENT_TARGET = 13.2;
				MTL_ENABLE_DEBUG_INFO = INCLUDE_SOURCE;
				MTL_FAST_MATH = YES;
				ONLY_ACTIVE_ARCH = YES;
				SDKROOT = iphoneos;
				SWIFT_ACTIVE_COMPILATION_CONDITIONS = DEBUG;
				SWIFT_OPTIMIZATION_LEVEL = "-Onone";
			};
			name = Debug;
		};
		1E470D7A237980F8009BC075 /* Release */ = {
			isa = XCBuildConfiguration;
			buildSettings = {
				ALWAYS_SEARCH_USER_PATHS = NO;
				CLANG_ANALYZER_NONNULL = YES;
				CLANG_ANALYZER_NUMBER_OBJECT_CONVERSION = YES_AGGRESSIVE;
				CLANG_CXX_LANGUAGE_STANDARD = "gnu++14";
				CLANG_CXX_LIBRARY = "libc++";
				CLANG_ENABLE_MODULES = YES;
				CLANG_ENABLE_OBJC_ARC = YES;
				CLANG_ENABLE_OBJC_WEAK = YES;
				CLANG_WARN_BLOCK_CAPTURE_AUTORELEASING = YES;
				CLANG_WARN_BOOL_CONVERSION = YES;
				CLANG_WARN_COMMA = YES;
				CLANG_WARN_CONSTANT_CONVERSION = YES;
				CLANG_WARN_DEPRECATED_OBJC_IMPLEMENTATIONS = YES;
				CLANG_WARN_DIRECT_OBJC_ISA_USAGE = YES_ERROR;
				CLANG_WARN_DOCUMENTATION_COMMENTS = YES;
				CLANG_WARN_EMPTY_BODY = YES;
				CLANG_WARN_ENUM_CONVERSION = YES;
				CLANG_WARN_INFINITE_RECURSION = YES;
				CLANG_WARN_INT_CONVERSION = YES;
				CLANG_WARN_NON_LITERAL_NULL_CONVERSION = YES;
				CLANG_WARN_OBJC_IMPLICIT_RETAIN_SELF = YES;
				CLANG_WARN_OBJC_LITERAL_CONVERSION = YES;
				CLANG_WARN_OBJC_ROOT_CLASS = YES_ERROR;
				CLANG_WARN_RANGE_LOOP_ANALYSIS = YES;
				CLANG_WARN_STRICT_PROTOTYPES = YES;
				CLANG_WARN_SUSPICIOUS_MOVE = YES;
				CLANG_WARN_UNGUARDED_AVAILABILITY = YES_AGGRESSIVE;
				CLANG_WARN_UNREACHABLE_CODE = YES;
				CLANG_WARN__DUPLICATE_METHOD_MATCH = YES;
				COPY_PHASE_STRIP = NO;
				DEBUG_INFORMATION_FORMAT = "dwarf-with-dsym";
				ENABLE_NS_ASSERTIONS = NO;
				ENABLE_STRICT_OBJC_MSGSEND = YES;
				GCC_C_LANGUAGE_STANDARD = gnu11;
				GCC_NO_COMMON_BLOCKS = YES;
				GCC_WARN_64_TO_32_BIT_CONVERSION = YES;
				GCC_WARN_ABOUT_RETURN_TYPE = YES_ERROR;
				GCC_WARN_UNDECLARED_SELECTOR = YES;
				GCC_WARN_UNINITIALIZED_AUTOS = YES_AGGRESSIVE;
				GCC_WARN_UNUSED_FUNCTION = YES;
				GCC_WARN_UNUSED_VARIABLE = YES;
				IPHONEOS_DEPLOYMENT_TARGET = 13.2;
				MTL_ENABLE_DEBUG_INFO = NO;
				MTL_FAST_MATH = YES;
				SDKROOT = iphoneos;
				SWIFT_COMPILATION_MODE = wholemodule;
				SWIFT_OPTIMIZATION_LEVEL = "-O";
				VALIDATE_PRODUCT = YES;
			};
			name = Release;
		};
		1E470D7C237980F8009BC075 /* Debug */ = {
			isa = XCBuildConfiguration;
			buildSettings = {
				ASSETCATALOG_COMPILER_APPICON_NAME = AppIcon;
				CODE_SIGN_STYLE = Automatic;
				FRAMEWORK_SEARCH_PATHS = (
					"$(inherited)",
					"$(PROJECT_DIR)/Carthage/Build/iOS",
				);
				INFOPLIST_FILE = Awards/Info.plist;
				LD_RUNPATH_SEARCH_PATHS = (
					"$(inherited)",
					"@executable_path/Frameworks",
				);
				PRODUCT_BUNDLE_IDENTIFIER = com.engkit.Awards;
				PRODUCT_NAME = "$(TARGET_NAME)";
				SWIFT_VERSION = 5.0;
				TARGETED_DEVICE_FAMILY = "1,2";
			};
			name = Debug;
		};
		1E470D7D237980F8009BC075 /* Release */ = {
			isa = XCBuildConfiguration;
			buildSettings = {
				ASSETCATALOG_COMPILER_APPICON_NAME = AppIcon;
				CODE_SIGN_STYLE = Automatic;
				FRAMEWORK_SEARCH_PATHS = (
					"$(inherited)",
					"$(PROJECT_DIR)/Carthage/Build/iOS",
				);
				INFOPLIST_FILE = Awards/Info.plist;
				LD_RUNPATH_SEARCH_PATHS = (
					"$(inherited)",
					"@executable_path/Frameworks",
				);
				PRODUCT_BUNDLE_IDENTIFIER = com.engkit.Awards;
				PRODUCT_NAME = "$(TARGET_NAME)";
				SWIFT_VERSION = 5.0;
				TARGETED_DEVICE_FAMILY = "1,2";
			};
			name = Release;
		};
/* End XCBuildConfiguration section */

/* Begin XCConfigurationList section */
		1E470D62237980F7009BC075 /* Build configuration list for PBXProject "Awards" */ = {
			isa = XCConfigurationList;
			buildConfigurations = (
				1E470D79237980F8009BC075 /* Debug */,
				1E470D7A237980F8009BC075 /* Release */,
			);
			defaultConfigurationIsVisible = 0;
			defaultConfigurationName = Release;
		};
		1E470D7B237980F8009BC075 /* Build configuration list for PBXNativeTarget "Awards" */ = {
			isa = XCConfigurationList;
			buildConfigurations = (
				1E470D7C237980F8009BC075 /* Debug */,
				1E470D7D237980F8009BC075 /* Release */,
			);
			defaultConfigurationIsVisible = 0;
			defaultConfigurationName = Release;
		};
/* End XCConfigurationList section */
	};
	rootObject = 1E470D5F237980F7009BC075 /* Project object */;
}
